
Microsoft Visual Studio Solution File, Format Version 12.00
# Visual Studio Version 16
VisualStudioVersion = 16.0.31624.102
MinimumVisualStudioVersion = 10.0.40219.1
Project("{FAE04EC0-301F-11D3-BF4B-00C04F79EFBC}") = "CS155Lab7Part1", "CS155Lab7Part1\CS155Lab7Part1.csproj", "{AA022308-F1C2-486D-8609-10597F75C663}"
EndProject
Global
	GlobalSection(SolutionConfigurationPlatforms) = preSolution
		Debug|Any CPU = Debug|Any CPU
		Release|Any CPU = Release|Any CPU
	EndGlobalSection
	GlobalSection(ProjectConfigurationPlatforms) = postSolution
		{AA022308-F1C2-486D-8609-10597F75C663}.Debug|Any CPU.ActiveCfg = Debug|Any CPU
		{AA022308-F1C2-486D-8609-10597F75C663}.Debug|Any CPU.Build.0 = Debug|Any CPU
		{AA022308-F1C2-486D-8609-10597F75C663}.Release|Any CPU.ActiveCfg = Release|Any CPU
		{AA022308-F1C2-486D-8609-10597F75C663}.Release|Any CPU.Build.0 = Release|Any CPU
	EndGlobalSection
	GlobalSection(SolutionProperties) = preSolution
		HideSolutionNode = FALSE
	EndGlobalSection
	GlobalSection(ExtensibilityGlobals) = postSolution
		SolutionGuid = {1817A1FF-9BCA-42C0-BBC1-EEA8EB1055D6}
	EndGlobalSection
EndGlobal
